
Microsoft Visual Studio Solution File, Format Version 12.00
# Visual Studio Version 17
VisualStudioVersion = 17.11.35327.3
MinimumVisualStudioVersion = 10.0.40219.1
Project("{9A19103F-16F7-4668-BE54-9A1E7A4F7556}") = "Problems", "Problems\Problems.csproj", "{5ED718A7-85D0-43B8-9229-6C9AC97BC583}"
EndProject
Project("{9A19103F-16F7-4668-BE54-9A1E7A4F7556}") = "ProblemTests", "ProblemTests\ProblemTests.csproj", "{7C551106-1C88-4F18-BCF7-1C18FBAC1B13}"
EndProject
Global
	GlobalSection(SolutionConfigurationPlatforms) = preSolution
		Debug|Any CPU = Debug|Any CPU
		Release|Any CPU = Release|Any CPU
	EndGlobalSection
	GlobalSection(ProjectConfigurationPlatforms) = postSolution
		{5ED718A7-85D0-43B8-9229-6C9AC97BC583}.Debug|Any CPU.ActiveCfg = Debug|Any CPU
		{5ED718A7-85D0-43B8-9229-6C9AC97BC583}.Debug|Any CPU.Build.0 = Debug|Any CPU
		{5ED718A7-85D0-43B8-9229-6C9AC97BC583}.Release|Any CPU.ActiveCfg = Release|Any CPU
		{5ED718A7-85D0-43B8-9229-6C9AC97BC583}.Release|Any CPU.Build.0 = Release|Any CPU
		{7C551106-1C88-4F18-BCF7-1C18FBAC1B13}.Debug|Any CPU.ActiveCfg = Debug|Any CPU
		{7C551106-1C88-4F18-BCF7-1C18FBAC1B13}.Debug|Any CPU.Build.0 = Debug|Any CPU
		{7C551106-1C88-4F18-BCF7-1C18FBAC1B13}.Release|Any CPU.ActiveCfg = Release|Any CPU
		{7C551106-1C88-4F18-BCF7-1C18FBAC1B13}.Release|Any CPU.Build.0 = Release|Any CPU
	EndGlobalSection
	GlobalSection(SolutionProperties) = preSolution
		HideSolutionNode = FALSE
	EndGlobalSection
	GlobalSection(ExtensibilityGlobals) = postSolution
		SolutionGuid = {8500D27C-A373-45A7-8C6B-518E0152FB58}
	EndGlobalSection
EndGlobal
